
Microsoft Visual Studio Solution File, Format Version 12.00
# Visual Studio Version 17
VisualStudioVersion = 17.0.31903.59
MinimumVisualStudioVersion = 10.0.40219.1
Project("{FAE04EC0-301F-11D3-BF4B-00C04F79EFBC}") = "DWSIM.Automation.Tests.CSharp", "DWSIM.Automation.Tests.CSharp\DWSIM.Automation.Tests.CSharp.csproj", "{64C978ED-7BC8-4058-BFF4-CAD3DC8B1FF7}"
EndProject
Project("{FAE04EC0-301F-11D3-BF4B-00C04F79EFBC}") = "DWSIM.Automation", "DWSIM.Automation\DWSIM.Automation.csproj", "{D15F5767-E119-4D9C-991E-A7E29DFABD7F}"
EndProject
Project("{F184B08F-C81C-45F6-A57F-5ABD9991F28F}") = "DWSIM.FlowsheetBase", "DWSIM.FlowsheetBase\DWSIM.FlowsheetBase.vbproj", "{64EF10C8-EC4A-4838-8B77-4A03D04A0FE7}"
EndProject
Project("{F184B08F-C81C-45F6-A57F-5ABD9991F28F}") = "DWSIM.DynamicsManager", "DWSIM.DynamicsManager\DWSIM.DynamicsManager.vbproj", "{56F9C645-1565-4256-8770-6FB02355DEFD}"
EndProject
Project("{F184B08F-C81C-45F6-A57F-5ABD9991F28F}") = "DWSIM.ExtensionMethods", "DWSIM.ExtensionMethods\DWSIM.ExtensionMethods.vbproj", "{859453B1-B956-439E-AB34-21CD37AF1676}"
EndProject
Project("{F184B08F-C81C-45F6-A57F-5ABD9991F28F}") = "DWSIM.Interfaces", "DWSIM.Interfaces\DWSIM.Interfaces.vbproj", "{A1BFFDF5-DFA0-4A53-A2A5-EF733194D6C3}"
EndProject
Project("{2150E333-8FDC-42A3-9474-1A3956D46DE8}") = "DWSIM.Math", "DWSIM.Math", "{A63D3AC7-2330-64A4-045A-29AD47836724}"
EndProject
Project("{F184B08F-C81C-45F6-A57F-5ABD9991F28F}") = "DWSIM.MathOps", "DWSIM.Math\DWSIM.MathOps.vbproj", "{D2F558A6-2889-4B9C-9A2F-19E717884CE0}"
EndProject
Project("{F184B08F-C81C-45F6-A57F-5ABD9991F28F}") = "DWSIM.SharedClasses", "DWSIM.SharedClasses\DWSIM.SharedClasses.vbproj", "{251BC53A-7061-4C4F-89E2-BD7C38E53A5C}"
EndProject
Project("{FAE04EC0-301F-11D3-BF4B-00C04F79EFBC}") = "DWSIM.Logging", "DWSIM.Logging\DWSIM.Logging.csproj", "{0F95F052-0036-4AD9-94DF-5EECF429733D}"
EndProject
Project("{2150E333-8FDC-42A3-9474-1A3956D46DE8}") = "DWSIM.Serializers.XML", "DWSIM.Serializers.XML", "{7F211FA6-55D4-8BCB-B5EB-60AC3E24EE90}"
EndProject
Project("{F184B08F-C81C-45F6-A57F-5ABD9991F28F}") = "DWSIM.XMLSerializer", "DWSIM.Serializers.XML\DWSIM.XMLSerializer.vbproj", "{F8E9C218-6B41-44AD-8A3D-F36881C463EC}"
EndProject
Project("{F184B08F-C81C-45F6-A57F-5ABD9991F28F}") = "DWSIM.GlobalSettings", "DWSIM.GlobalSettings\DWSIM.GlobalSettings.vbproj", "{FF756D1F-55B1-445D-B6E3-CC9A10484485}"
EndProject
Project("{2150E333-8FDC-42A3-9474-1A3956D46DE8}") = "DWSIM.Math.DotNumerics", "DWSIM.Math.DotNumerics", "{7DB0E8A7-FDAF-599A-C5B6-840DE5B949CD}"
EndProject
Project("{FAE04EC0-301F-11D3-BF4B-00C04F79EFBC}") = "DWSIM.MathOps.DotNumerics", "DWSIM.Math.DotNumerics\DWSIM.MathOps.DotNumerics.csproj", "{B4612F85-7008-477B-9D7D-8556F70EA6A5}"
EndProject
Project("{FAE04EC0-301F-11D3-BF4B-00C04F79EFBC}") = "DWSIM.FileStorage", "DWSIM.FileStorage\DWSIM.FileStorage.csproj", "{0DA09A46-7A29-47EE-B388-BCFDDE7B5593}"
EndProject
Project("{F184B08F-C81C-45F6-A57F-5ABD9991F28F}") = "DWSIM.FlowsheetSolver", "DWSIM.FlowsheetSolver\DWSIM.FlowsheetSolver.vbproj", "{2D7771C0-0EDE-4769-AE94-37C31DE9B1C1}"
EndProject
Project("{FAE04EC0-301F-11D3-BF4B-00C04F79EFBC}") = "DWSIM.SharedClassesCSharp", "DWSIM.SharedClassesCSharp\DWSIM.SharedClassesCSharp.csproj", "{A328BC26-4FAF-47AF-9897-E6E0A71ED27F}"
EndProject
Project("{F184B08F-C81C-45F6-A57F-5ABD9991F28F}") = "DWSIM.Thermodynamics.AdvancedEOS.GERG2008", "DWSIM.Thermodynamics.AdvancedEOS.GERG2008\DWSIM.Thermodynamics.AdvancedEOS.GERG2008.vbproj", "{F2DACF89-EA41-4791-B1D8-FD8F756FEA11}"
EndProject
Project("{F184B08F-C81C-45F6-A57F-5ABD9991F28F}") = "DWSIM.Thermodynamics", "DWSIM.Thermodynamics\DWSIM.Thermodynamics.vbproj", "{B831D75E-7D4B-453E-B075-B670BD70B04A}"
EndProject
Project("{2150E333-8FDC-42A3-9474-1A3956D46DE8}") = "DWSIM.Math.SwarmOps", "DWSIM.Math.SwarmOps", "{9632E310-A949-06DF-1834-192B99EB9257}"
EndProject
Project("{FAE04EC0-301F-11D3-BF4B-00C04F79EFBC}") = "DWSIM.MathOps.SwarmOps", "DWSIM.Math.SwarmOps\DWSIM.MathOps.SwarmOps.csproj", "{B7142F7F-F4C2-45CF-B52F-1D3939BC8C4C}"
EndProject
Project("{2150E333-8FDC-42A3-9474-1A3956D46DE8}") = "DWSIM.Math.RandomOps", "DWSIM.Math.RandomOps", "{5699227A-109E-1DE9-9443-DF133FA656C5}"
EndProject
Project("{FAE04EC0-301F-11D3-BF4B-00C04F79EFBC}") = "DWSIM.MathOps.RandomOps", "DWSIM.Math.RandomOps\DWSIM.MathOps.RandomOps.csproj", "{318999DA-D0A2-4D44-BD45-61E9277B40F9}"
EndProject
Project("{FAE04EC0-301F-11D3-BF4B-00C04F79EFBC}") = "DWSIM.MathOps.Mapack", "DWSIM.MathOps.Mapack\DWSIM.MathOps.Mapack.csproj", "{ACFE89AB-C810-4556-8608-70E0B0EB1EEC}"
EndProject
Project("{FAE04EC0-301F-11D3-BF4B-00C04F79EFBC}") = "DWSIM.Thermodynamics.CoolPropInterface", "DWSIM.Thermodynamics.CoolPropInterface\DWSIM.Thermodynamics.CoolPropInterface.csproj", "{E3DCE743-B5A5-4B68-98AF-C37BC98E4D47}"
EndProject
Project("{2150E333-8FDC-42A3-9474-1A3956D46DE8}") = "DWSIM.Thermodynamics.AdvancedEOS.PCSAFT", "DWSIM.Thermodynamics.AdvancedEOS.PCSAFT", "{7D678572-FC67-0CBC-AE76-5D5D63616C5E}"
EndProject
Project("{F184B08F-C81C-45F6-A57F-5ABD9991F28F}") = "DWSIM.Thermodynamics.AdvancedEOS.PCSAFT2", "DWSIM.Thermodynamics.AdvancedEOS.PCSAFT\DWSIM.Thermodynamics.AdvancedEOS.PCSAFT2.vbproj", "{56A2B390-0085-4652-8CA7-8269A98715CE}"
EndProject
Project("{F184B08F-C81C-45F6-A57F-5ABD9991F28F}") = "DWSIM.Thermodynamics.AdvancedEOS.PRSRKTDep", "DWSIM.Thermodynamics.AdvancedEOS.PRSRKTDep\DWSIM.Thermodynamics.AdvancedEOS.PRSRKTDep.vbproj", "{412A854C-B2E6-4053-A778-52FCC260D576}"
EndProject
Project("{FAE04EC0-301F-11D3-BF4B-00C04F79EFBC}") = "DWSIM.Thermodynamics.ThermoC", "DWSIM.Thermodynamics.ThermoC\DWSIM.Thermodynamics.ThermoC.csproj", "{15F53A77-16B0-4370-A2F2-AF345015554E}"
EndProject
Project("{F184B08F-C81C-45F6-A57F-5ABD9991F28F}") = "DWSIM.UnitOperations", "DWSIM.UnitOperations\DWSIM.UnitOperations.vbproj", "{8EBD0629-143A-4747-8B0C-FE8A7925EB29}"
EndProject
Project("{FAE04EC0-301F-11D3-BF4B-00C04F79EFBC}") = "DWSIM.MathOps.SimpsonIntegrator", "DWSIM.MathOps.SimpsonIntegrator\DWSIM.MathOps.SimpsonIntegrator.csproj", "{DAB74C9E-4A1A-451B-AF73-C06CB74FE135}"
EndProject
Project("{FAE04EC0-301F-11D3-BF4B-00C04F79EFBC}") = "DWSIM.WebApi", "DWSIM.WebApi\DWSIM.WebApi.csproj", "{9C408257-0B30-4ABD-AC0E-A38D1D95CD1C}"
EndProject
Global
	GlobalSection(SolutionConfigurationPlatforms) = preSolution
		Debug|Any CPU = Debug|Any CPU
		Release|Any CPU = Release|Any CPU
	EndGlobalSection
	GlobalSection(ProjectConfigurationPlatforms) = postSolution
		{64C978ED-7BC8-4058-BFF4-CAD3DC8B1FF7}.Debug|Any CPU.ActiveCfg = Debug|Any CPU
		{64C978ED-7BC8-4058-BFF4-CAD3DC8B1FF7}.Release|Any CPU.ActiveCfg = Release|Any CPU
		{D15F5767-E119-4D9C-991E-A7E29DFABD7F}.Debug|Any CPU.ActiveCfg = Debug|Any CPU
		{D15F5767-E119-4D9C-991E-A7E29DFABD7F}.Release|Any CPU.ActiveCfg = Release|Any CPU
		{64EF10C8-EC4A-4838-8B77-4A03D04A0FE7}.Debug|Any CPU.ActiveCfg = Debug|Any CPU
		{64EF10C8-EC4A-4838-8B77-4A03D04A0FE7}.Release|Any CPU.ActiveCfg = Release|Any CPU
		{56F9C645-1565-4256-8770-6FB02355DEFD}.Debug|Any CPU.ActiveCfg = Debug|Any CPU
		{56F9C645-1565-4256-8770-6FB02355DEFD}.Release|Any CPU.ActiveCfg = Release|Any CPU
		{859453B1-B956-439E-AB34-21CD37AF1676}.Debug|Any CPU.ActiveCfg = Debug|Any CPU
		{859453B1-B956-439E-AB34-21CD37AF1676}.Release|Any CPU.ActiveCfg = Release|Any CPU
		{A1BFFDF5-DFA0-4A53-A2A5-EF733194D6C3}.Debug|Any CPU.ActiveCfg = Debug|Any CPU
		{A1BFFDF5-DFA0-4A53-A2A5-EF733194D6C3}.Release|Any CPU.ActiveCfg = Release|Any CPU
		{D2F558A6-2889-4B9C-9A2F-19E717884CE0}.Debug|Any CPU.ActiveCfg = Debug|Any CPU
		{D2F558A6-2889-4B9C-9A2F-19E717884CE0}.Release|Any CPU.ActiveCfg = Release|Any CPU
		{251BC53A-7061-4C4F-89E2-BD7C38E53A5C}.Debug|Any CPU.ActiveCfg = Debug|Any CPU
		{251BC53A-7061-4C4F-89E2-BD7C38E53A5C}.Release|Any CPU.ActiveCfg = Release|Any CPU
		{0F95F052-0036-4AD9-94DF-5EECF429733D}.Debug|Any CPU.ActiveCfg = Debug|Any CPU
		{0F95F052-0036-4AD9-94DF-5EECF429733D}.Release|Any CPU.ActiveCfg = Release|Any CPU
		{F8E9C218-6B41-44AD-8A3D-F36881C463EC}.Debug|Any CPU.ActiveCfg = Debug|Any CPU
		{F8E9C218-6B41-44AD-8A3D-F36881C463EC}.Release|Any CPU.ActiveCfg = Release|Any CPU
		{FF756D1F-55B1-445D-B6E3-CC9A10484485}.Debug|Any CPU.ActiveCfg = Debug|Any CPU
		{FF756D1F-55B1-445D-B6E3-CC9A10484485}.Release|Any CPU.ActiveCfg = Release|Any CPU
		{B4612F85-7008-477B-9D7D-8556F70EA6A5}.Debug|Any CPU.ActiveCfg = Debug|Any CPU
		{B4612F85-7008-477B-9D7D-8556F70EA6A5}.Release|Any CPU.ActiveCfg = Release|Any CPU
		{0DA09A46-7A29-47EE-B388-BCFDDE7B5593}.Debug|Any CPU.ActiveCfg = Debug|Any CPU
		{0DA09A46-7A29-47EE-B388-BCFDDE7B5593}.Release|Any CPU.ActiveCfg = Release|Any CPU
		{2D7771C0-0EDE-4769-AE94-37C31DE9B1C1}.Debug|Any CPU.ActiveCfg = Debug|Any CPU
		{2D7771C0-0EDE-4769-AE94-37C31DE9B1C1}.Release|Any CPU.ActiveCfg = Release|Any CPU
		{A328BC26-4FAF-47AF-9897-E6E0A71ED27F}.Debug|Any CPU.ActiveCfg = Debug|Any CPU
		{A328BC26-4FAF-47AF-9897-E6E0A71ED27F}.Release|Any CPU.ActiveCfg = Release|Any CPU
		{F2DACF89-EA41-4791-B1D8-FD8F756FEA11}.Debug|Any CPU.ActiveCfg = Debug|Any CPU
		{F2DACF89-EA41-4791-B1D8-FD8F756FEA11}.Release|Any CPU.ActiveCfg = Release|Any CPU
		{B831D75E-7D4B-453E-B075-B670BD70B04A}.Debug|Any CPU.ActiveCfg = Debug|Any CPU
		{B831D75E-7D4B-453E-B075-B670BD70B04A}.Release|Any CPU.ActiveCfg = Release|Any CPU
		{B7142F7F-F4C2-45CF-B52F-1D3939BC8C4C}.Debug|Any CPU.ActiveCfg = Debug|Any CPU
		{B7142F7F-F4C2-45CF-B52F-1D3939BC8C4C}.Release|Any CPU.ActiveCfg = Release|Any CPU
		{318999DA-D0A2-4D44-BD45-61E9277B40F9}.Debug|Any CPU.ActiveCfg = Debug|Any CPU
		{318999DA-D0A2-4D44-BD45-61E9277B40F9}.Release|Any CPU.ActiveCfg = Release|Any CPU
		{ACFE89AB-C810-4556-8608-70E0B0EB1EEC}.Debug|Any CPU.ActiveCfg = Debug|Any CPU
		{ACFE89AB-C810-4556-8608-70E0B0EB1EEC}.Release|Any CPU.ActiveCfg = Release|Any CPU
		{E3DCE743-B5A5-4B68-98AF-C37BC98E4D47}.Debug|Any CPU.ActiveCfg = Debug|Any CPU
		{E3DCE743-B5A5-4B68-98AF-C37BC98E4D47}.Release|Any CPU.ActiveCfg = Release|Any CPU
		{56A2B390-0085-4652-8CA7-8269A98715CE}.Debug|Any CPU.ActiveCfg = Debug|Any CPU
		{56A2B390-0085-4652-8CA7-8269A98715CE}.Release|Any CPU.ActiveCfg = Release|Any CPU
		{412A854C-B2E6-4053-A778-52FCC260D576}.Debug|Any CPU.ActiveCfg = Debug|Any CPU
		{412A854C-B2E6-4053-A778-52FCC260D576}.Release|Any CPU.ActiveCfg = Release|Any CPU
		{15F53A77-16B0-4370-A2F2-AF345015554E}.Debug|Any CPU.ActiveCfg = Debug|Any CPU
		{15F53A77-16B0-4370-A2F2-AF345015554E}.Release|Any CPU.ActiveCfg = Release|Any CPU
		{8EBD0629-143A-4747-8B0C-FE8A7925EB29}.Debug|Any CPU.ActiveCfg = Debug|Any CPU
		{8EBD0629-143A-4747-8B0C-FE8A7925EB29}.Release|Any CPU.ActiveCfg = Release|Any CPU
		{DAB74C9E-4A1A-451B-AF73-C06CB74FE135}.Debug|Any CPU.ActiveCfg = Debug|Any CPU
		{DAB74C9E-4A1A-451B-AF73-C06CB74FE135}.Release|Any CPU.ActiveCfg = Release|Any CPU
		{9C408257-0B30-4ABD-AC0E-A38D1D95CD1C}.Debug|Any CPU.ActiveCfg = Debug|Any CPU
		{9C408257-0B30-4ABD-AC0E-A38D1D95CD1C}.Debug|Any CPU.Build.0 = Debug|Any CPU
		{9C408257-0B30-4ABD-AC0E-A38D1D95CD1C}.Release|Any CPU.ActiveCfg = Release|Any CPU
		{9C408257-0B30-4ABD-AC0E-A38D1D95CD1C}.Release|Any CPU.Build.0 = Release|Any CPU
	EndGlobalSection
	GlobalSection(SolutionProperties) = preSolution
		HideSolutionNode = FALSE
	EndGlobalSection
	GlobalSection(NestedProjects) = preSolution
		{D2F558A6-2889-4B9C-9A2F-19E717884CE0} = {A63D3AC7-2330-64A4-045A-29AD47836724}
		{F8E9C218-6B41-44AD-8A3D-F36881C463EC} = {7F211FA6-55D4-8BCB-B5EB-60AC3E24EE90}
		{B4612F85-7008-477B-9D7D-8556F70EA6A5} = {7DB0E8A7-FDAF-599A-C5B6-840DE5B949CD}
		{B7142F7F-F4C2-45CF-B52F-1D3939BC8C4C} = {9632E310-A949-06DF-1834-192B99EB9257}
		{318999DA-D0A2-4D44-BD45-61E9277B40F9} = {5699227A-109E-1DE9-9443-DF133FA656C5}
		{56A2B390-0085-4652-8CA7-8269A98715CE} = {7D678572-FC67-0CBC-AE76-5D5D63616C5E}
	EndGlobalSection
EndGlobal
